
Microsoft Visual Studio Solution File, Format Version 12.00
# Visual Studio Version 16
VisualStudioVersion = 16.0.31019.35
MinimumVisualStudioVersion = 10.0.40219.1
Project("{8BC9CEB8-8B4A-11D0-8D11-00A0C91BC942}") = "Arrays", "Arrays\Arrays.vcxproj", "{8F0294CC-3EE1-4E65-AF4C-6B98803F451C}"
EndProject
Project("{8BC9CEB8-8B4A-11D0-8D11-00A0C91BC942}") = "Tutorial 3", "Tutorial 3\Tutorial 3.vcxproj", "{3B7998C1-FA2C-41C1-855A-6EA2CAD565FA}"
EndProject
Project("{8BC9CEB8-8B4A-11D0-8D11-00A0C91BC942}") = "Schleifen", "Schleifen\Schleifen.vcxproj", "{BA6AD75E-05E3-4AD4-8252-7210D06DD617}"
EndProject
Project("{8BC9CEB8-8B4A-11D0-8D11-00A0C91BC942}") = "Zufallszahlen", "Zufallszahlen\Zufallszahlen.vcxproj", "{3068E2FC-48D8-4262-BA75-4431581BA79B}"
EndProject
Project("{8BC9CEB8-8B4A-11D0-8D11-00A0C91BC942}") = "Zahlenspiel", "Zahlenspiel\Zahlenspiel.vcxproj", "{0B5F75AA-CEC3-4D8F-9DA6-2C90601D4ECB}"
EndProject
Project("{8BC9CEB8-8B4A-11D0-8D11-00A0C91BC942}") = "Zeiger", "Zeiger\Zeiger.vcxproj", "{53F11721-C03E-4C80-AF60-CD6CDE02BEBE}"
EndProject
Project("{8BC9CEB8-8B4A-11D0-8D11-00A0C91BC942}") = "Zeichenketten", "Zeichenketten\Zeichenketten.vcxproj", "{97B28E73-0337-40D6-A329-4B48328231BC}"
EndProject
Project("{8BC9CEB8-8B4A-11D0-8D11-00A0C91BC942}") = "TicTacToe", "TicTacToe\TicTacToe.vcxproj", "{647E1BCF-E327-4245-8E54-92B4DB495BE5}"
EndProject
Global
	GlobalSection(SolutionConfigurationPlatforms) = preSolution
		Debug|x64 = Debug|x64
		Debug|x86 = Debug|x86
		Release|x64 = Release|x64
		Release|x86 = Release|x86
	EndGlobalSection
	GlobalSection(ProjectConfigurationPlatforms) = postSolution
		{8F0294CC-3EE1-4E65-AF4C-6B98803F451C}.Debug|x64.ActiveCfg = Debug|x64
		{8F0294CC-3EE1-4E65-AF4C-6B98803F451C}.Debug|x64.Build.0 = Debug|x64
		{8F0294CC-3EE1-4E65-AF4C-6B98803F451C}.Debug|x86.ActiveCfg = Debug|Win32
		{8F0294CC-3EE1-4E65-AF4C-6B98803F451C}.Debug|x86.Build.0 = Debug|Win32
		{8F0294CC-3EE1-4E65-AF4C-6B98803F451C}.Release|x64.ActiveCfg = Release|x64
		{8F0294CC-3EE1-4E65-AF4C-6B98803F451C}.Release|x64.Build.0 = Release|x64
		{8F0294CC-3EE1-4E65-AF4C-6B98803F451C}.Release|x86.ActiveCfg = Release|Win32
		{8F0294CC-3EE1-4E65-AF4C-6B98803F451C}.Release|x86.Build.0 = Release|Win32
		{3B7998C1-FA2C-41C1-855A-6EA2CAD565FA}.Debug|x64.ActiveCfg = Debug|x64
		{3B7998C1-FA2C-41C1-855A-6EA2CAD565FA}.Debug|x64.Build.0 = Debug|x64
		{3B7998C1-FA2C-41C1-855A-6EA2CAD565FA}.Debug|x86.ActiveCfg = Debug|Win32
		{3B7998C1-FA2C-41C1-855A-6EA2CAD565FA}.Debug|x86.Build.0 = Debug|Win32
		{3B7998C1-FA2C-41C1-855A-6EA2CAD565FA}.Release|x64.ActiveCfg = Release|x64
		{3B7998C1-FA2C-41C1-855A-6EA2CAD565FA}.Release|x64.Build.0 = Release|x64
		{3B7998C1-FA2C-41C1-855A-6EA2CAD565FA}.Release|x86.ActiveCfg = Release|Win32
		{3B7998C1-FA2C-41C1-855A-6EA2CAD565FA}.Release|x86.Build.0 = Release|Win32
		{BA6AD75E-05E3-4AD4-8252-7210D06DD617}.Debug|x64.ActiveCfg = Debug|x64
		{BA6AD75E-05E3-4AD4-8252-7210D06DD617}.Debug|x64.Build.0 = Debug|x64
		{BA6AD75E-05E3-4AD4-8252-7210D06DD617}.Debug|x86.ActiveCfg = Debug|Win32
		{BA6AD75E-05E3-4AD4-8252-7210D06DD617}.Debug|x86.Build.0 = Debug|Win32
		{BA6AD75E-05E3-4AD4-8252-7210D06DD617}.Release|x64.ActiveCfg = Release|x64
		{BA6AD75E-05E3-4AD4-8252-7210D06DD617}.Release|x64.Build.0 = Release|x64
		{BA6AD75E-05E3-4AD4-8252-7210D06DD617}.Release|x86.ActiveCfg = Release|Win32
		{BA6AD75E-05E3-4AD4-8252-7210D06DD617}.Release|x86.Build.0 = Release|Win32
		{3068E2FC-48D8-4262-BA75-4431581BA79B}.Debug|x64.ActiveCfg = Debug|x64
		{3068E2FC-48D8-4262-BA75-4431581BA79B}.Debug|x64.Build.0 = Debug|x64
		{3068E2FC-48D8-4262-BA75-4431581BA79B}.Debug|x86.ActiveCfg = Debug|Win32
		{3068E2FC-48D8-4262-BA75-4431581BA79B}.Debug|x86.Build.0 = Debug|Win32
		{3068E2FC-48D8-4262-BA75-4431581BA79B}.Release|x64.ActiveCfg = Release|x64
		{3068E2FC-48D8-4262-BA75-4431581BA79B}.Release|x64.Build.0 = Release|x64
		{3068E2FC-48D8-4262-BA75-4431581BA79B}.Release|x86.ActiveCfg = Release|Win32
		{3068E2FC-48D8-4262-BA75-4431581BA79B}.Release|x86.Build.0 = Release|Win32
		{0B5F75AA-CEC3-4D8F-9DA6-2C90601D4ECB}.Debug|x64.ActiveCfg = Debug|x64
		{0B5F75AA-CEC3-4D8F-9DA6-2C90601D4ECB}.Debug|x64.Build.0 = Debug|x64
		{0B5F75AA-CEC3-4D8F-9DA6-2C90601D4ECB}.Debug|x86.ActiveCfg = Debug|Win32
		{0B5F75AA-CEC3-4D8F-9DA6-2C90601D4ECB}.Debug|x86.Build.0 = Debug|Win32
		{0B5F75AA-CEC3-4D8F-9DA6-2C90601D4ECB}.Release|x64.ActiveCfg = Release|x64
		{0B5F75AA-CEC3-4D8F-9DA6-2C90601D4ECB}.Release|x64.Build.0 = Release|x64
		{0B5F75AA-CEC3-4D8F-9DA6-2C90601D4ECB}.Release|x86.ActiveCfg = Release|Win32
		{0B5F75AA-CEC3-4D8F-9DA6-2C90601D4ECB}.Release|x86.Build.0 = Release|Win32
		{53F11721-C03E-4C80-AF60-CD6CDE02BEBE}.Debug|x64.ActiveCfg = Debug|x64
		{53F11721-C03E-4C80-AF60-CD6CDE02BEBE}.Debug|x64.Build.0 = Debug|x64
		{53F11721-C03E-4C80-AF60-CD6CDE02BEBE}.Debug|x86.ActiveCfg = Debug|Win32
		{53F11721-C03E-4C80-AF60-CD6CDE02BEBE}.Debug|x86.Build.0 = Debug|Win32
		{53F11721-C03E-4C80-AF60-CD6CDE02BEBE}.Release|x64.ActiveCfg = Release|x64
		{53F11721-C03E-4C80-AF60-CD6CDE02BEBE}.Release|x64.Build.0 = Release|x64
		{53F11721-C03E-4C80-AF60-CD6CDE02BEBE}.Release|x86.ActiveCfg = Release|Win32
		{53F11721-C03E-4C80-AF60-CD6CDE02BEBE}.Release|x86.Build.0 = Release|Win32
		{97B28E73-0337-40D6-A329-4B48328231BC}.Debug|x64.ActiveCfg = Debug|x64
		{97B28E73-0337-40D6-A329-4B48328231BC}.Debug|x64.Build.0 = Debug|x64
		{97B28E73-0337-40D6-A329-4B48328231BC}.Debug|x86.ActiveCfg = Debug|Win32
		{97B28E73-0337-40D6-A329-4B48328231BC}.Debug|x86.Build.0 = Debug|Win32
		{97B28E73-0337-40D6-A329-4B48328231BC}.Release|x64.ActiveCfg = Release|x64
		{97B28E73-0337-40D6-A329-4B48328231BC}.Release|x64.Build.0 = Release|x64
		{97B28E73-0337-40D6-A329-4B48328231BC}.Release|x86.ActiveCfg = Release|Win32
		{97B28E73-0337-40D6-A329-4B48328231BC}.Release|x86.Build.0 = Release|Win32
		{647E1BCF-E327-4245-8E54-92B4DB495BE5}.Debug|x64.ActiveCfg = Debug|x64
		{647E1BCF-E327-4245-8E54-92B4DB495BE5}.Debug|x64.Build.0 = Debug|x64
		{647E1BCF-E327-4245-8E54-92B4DB495BE5}.Debug|x86.ActiveCfg = Debug|Win32
		{647E1BCF-E327-4245-8E54-92B4DB495BE5}.Debug|x86.Build.0 = Debug|Win32
		{647E1BCF-E327-4245-8E54-92B4DB495BE5}.Release|x64.ActiveCfg = Release|x64
		{647E1BCF-E327-4245-8E54-92B4DB495BE5}.Release|x64.Build.0 = Release|x64
		{647E1BCF-E327-4245-8E54-92B4DB495BE5}.Release|x86.ActiveCfg = Release|Win32
		{647E1BCF-E327-4245-8E54-92B4DB495BE5}.Release|x86.Build.0 = Release|Win32
	EndGlobalSection
	GlobalSection(SolutionProperties) = preSolution
		HideSolutionNode = FALSE
	EndGlobalSection
	GlobalSection(ExtensibilityGlobals) = postSolution
		SolutionGuid = {8778B950-E255-4D94-B226-AA8ABE50C818}
	EndGlobalSection
EndGlobal
